
Microsoft Visual Studio Solution File, Format Version 12.00
# Visual Studio 15
VisualStudioVersion = 15.0.28010.2041
MinimumVisualStudioVersion = 10.0.40219.1
Project("{FAE04EC0-301F-11D3-BF4B-00C04F79EFBC}") = "WpfStyleBasic", "WpfStyleBasic\WpfStyleBasic.csproj", "{7A00AF30-6F7E-4592-9EFF-62ACD9CF970B}"
EndProject
Project("{FAE04EC0-301F-11D3-BF4B-00C04F79EFBC}") = "Templates", "Templates\Templates.csproj", "{22961377-DD0A-4D8B-B886-2429C9713561}"
EndProject
Global
	GlobalSection(SolutionConfigurationPlatforms) = preSolution
		Debug|Any CPU = Debug|Any CPU
		Release|Any CPU = Release|Any CPU
	EndGlobalSection
	GlobalSection(ProjectConfigurationPlatforms) = postSolution
		{7A00AF30-6F7E-4592-9EFF-62ACD9CF970B}.Debug|Any CPU.ActiveCfg = Debug|Any CPU
		{7A00AF30-6F7E-4592-9EFF-62ACD9CF970B}.Debug|Any CPU.Build.0 = Debug|Any CPU
		{7A00AF30-6F7E-4592-9EFF-62ACD9CF970B}.Release|Any CPU.ActiveCfg = Release|Any CPU
		{7A00AF30-6F7E-4592-9EFF-62ACD9CF970B}.Release|Any CPU.Build.0 = Release|Any CPU
		{22961377-DD0A-4D8B-B886-2429C9713561}.Debug|Any CPU.ActiveCfg = Debug|Any CPU
		{22961377-DD0A-4D8B-B886-2429C9713561}.Debug|Any CPU.Build.0 = Debug|Any CPU
		{22961377-DD0A-4D8B-B886-2429C9713561}.Release|Any CPU.ActiveCfg = Release|Any CPU
		{22961377-DD0A-4D8B-B886-2429C9713561}.Release|Any CPU.Build.0 = Release|Any CPU
	EndGlobalSection
	GlobalSection(SolutionProperties) = preSolution
		HideSolutionNode = FALSE
	EndGlobalSection
	GlobalSection(ExtensibilityGlobals) = postSolution
		SolutionGuid = {AFBF86A8-0AC9-4FAE-BADB-AF57F8D0FE03}
	EndGlobalSection
EndGlobal
